PODS:
  - Flutter (1.0.0)
  - flutter_light_plugin (0.0.1):
    - Flutter

DEPENDENCIES:
  - Flutter (from `Flutter`)
  - flutter_light_plugin (from `.symlinks/plugins/flutter_light_plugin/ios`)

EXTERNAL SOURCES:
  Flutter:
    :path: Flutter
  flutter_light_plugin:
    :path: ".symlinks/plugins/flutter_light_plugin/ios"

SPEC CHECKSUMS:
  Flutter: 0e3d915762c693b495b44d77113d4970485de6ec
  flutter_light_plugin: 56f4a0f8f4a77d7769a567f9bdfb8255aa6a2b97

PODFILE CHECKSUM: 3dbe063e9c90a5d7c9e4e76e70a821b9e2c1d271

COCOAPODS: 1.9.0
